
Microsoft Visual Studio Solution File, Format Version 10.00
# Visual Studio 2008
Project("{FAE04EC0-301F-11D3-BF4B-00C04F79EFBC}") = "UnitTests", "UnitTests\UnitTests.csproj", "{311A29BC-8EDC-49AC-8C07-DC2A1B4FB422}"
EndProject
Project("{FAE04EC0-301F-11D3-BF4B-00C04F79EFBC}") = "AutomaticUnitTests", "AutomaticUnitTests\AutomaticUnitTests.csproj", "{3AE71B80-C8F0-4DD8-9A54-6137EE332ED6}"
EndProject
Global
	GlobalSection(SolutionConfigurationPlatforms) = preSolution
		Debug|Any CPU = Debug|Any CPU
		Release|Any CPU = Release|Any CPU
	EndGlobalSection
	GlobalSection(ProjectConfigurationPlatforms) = postSolution
		{311A29BC-8EDC-49AC-8C07-DC2A1B4FB422}.Debug|Any CPU.ActiveCfg = Debug|Any CPU
		{311A29BC-8EDC-49AC-8C07-DC2A1B4FB422}.Debug|Any CPU.Build.0 = Debug|Any CPU
		{311A29BC-8EDC-49AC-8C07-DC2A1B4FB422}.Release|Any CPU.ActiveCfg = Release|Any CPU
		{311A29BC-8EDC-49AC-8C07-DC2A1B4FB422}.Release|Any CPU.Build.0 = Release|Any CPU
		{3AE71B80-C8F0-4DD8-9A54-6137EE332ED6}.Debug|Any CPU.ActiveCfg = Debug|Any CPU
		{3AE71B80-C8F0-4DD8-9A54-6137EE332ED6}.Debug|Any CPU.Build.0 = Debug|Any CPU
		{3AE71B80-C8F0-4DD8-9A54-6137EE332ED6}.Release|Any CPU.ActiveCfg = Release|Any CPU
		{3AE71B80-C8F0-4DD8-9A54-6137EE332ED6}.Release|Any CPU.Build.0 = Release|Any CPU
	EndGlobalSection
	GlobalSection(SolutionProperties) = preSolution
		HideSolutionNode = FALSE
	EndGlobalSection
EndGlobal
